lockfileVersion: '9.0'

settings:
  autoInstallPeers: true
  excludeLinksFromLockfile: false

importers:

  .:
    devDependencies:
      '@types/node':
        specifier: ^24.0.0
        version: 24.13.3
      prettier:
        specifier: ^3.6.2
        version: 3.9.6
      turbo:
        specifier: ^2.5.5
        version: 2.10.6
      typescript:
        specifier: ^5.8.3
        version: 5.9.3

  apps/mcp-forge: {}

  apps/site: {}

  packages/aster: {}

  packages/content-schema: {}

  packages/domain: {}

  packages/health-schema: {}

  packages/house-of-keys: {}

packages:

  '@turbo/darwin-64@2.10.6':
    resolution: {integrity: sha512-S+yIyZkmjYBQbIM7sTqMAwnLeMjSK60Q9grUDPbTWvkRjbsn5k1Rt5sPvTX80M4PnlYQBwLiYsjlu6tHsuIqQQ==}
    cpu: [x64]
    os: [darwin]

  '@turbo/darwin-arm64@2.10.6':
    resolution: {integrity: sha512-gnS8G78EjvJzDc1+tFES5BYXdlF+292n+h57G9G+5JYelRh195f4Ed22RCo4EFIbI4Du9S5xfE9YjrqhoZaxQ==}
    cpu: [arm64]
    os: [darwin]

  '@turbo/linux-64@2.10.6':
    resolution: {integrity: sha512-lPv5AVkzvhs4z6Isr2ZE2UYt9Ndym5aWSMEIRh9OROnAdyEG1CFugJwAn/aFuDMmiCoHasyvD5tTDmVVTTrYxw==}
    cpu: [x64]
    os: [linux]

  '@turbo/linux-arm64@2.10.6':
    resolution: {integrity: sha512-yeQ24es8pz+FhZxt25HIXj4ml7HpWMrmOL1BtCP4XUz7mBJZdAfC7z7HGF+wPSUZoKmoSZbL4r4QWbRddhPZIQ==}
    cpu: [arm64]
    os: [linux]

  '@turbo/windows-64@2.10.6':
    resolution: {integrity: sha512-JiFscBN83F43VG3oM+QU2LvgHcf11tgirLJ3c1QDJBtulTCbDwupzIjqB9yBlfiMWAe6g3ssD6gqLP6a4g7FzA==}
    cpu: [x64]
    os: [win32]

  '@turbo/windows-arm64@2.10.6':
    resolution: {integrity: sha512-emWVdriXsaSVS5VXJxy4DppQ0UnGD+PUKu40DGjC3E5JXeoszL09B/1xU6B+Y8lJQg38cFoaB1NqGC4ayY5SQQ==}
    cpu: [arm64]
    os: [win32]

  '@types/node@24.13.3':
    resolution: {integrity: sha512-Dh8vAsV36ig5wa9OX4pXvMc9D3Veibfw2wix0CUwYODLD8nkj9UsLjASr49nPg+2eKzxhBV+v7L8pXvT4e639Q==}

  prettier@3.9.6:
    resolution: {integrity: sha512-OpN0zzVdiaiAhxpuuj5efpIS4sY9j7bY6uR5mnj5yPzGkdkjNKSJeUThPb60Jw29QuAZgA4o+/iB49kFiaBX6g==}
    engines: {node: '>=14'}
    hasBin: true

  turbo@2.10.6:
    resolution: {integrity: sha512-3VfH7fK7WQ/ZHYjvfWyVnPRpcNaX3qXfGDMdc82eGdM0ESATyxFK4R4PM3wNsVFsdkUFZ4pZpkNeG37dxOv+g==}
    hasBin: true

  typescript@5.9.3:
    resolution: {integrity: sha512-jl1vZzPDinLr9eUt3J/t7V6FgNEw9QjvBPdysz9KfQDD41fQrC2Y4vKQdiaUpFT4bXlb1RHhLpp8wtm6M5TgSw==}
    engines: {node: '>=14.17'}
    hasBin: true

  undici-types@7.18.2:
    resolution: {integrity: sha512-AsuCzffGHJybSaVRpU3RqHF7hC4M/j0tP2JEGlYef0I5L2Jp0RxJWqJtf5hycD4IjuD0cmnkb6IdFfVDEf9F4Q==}

snapshots:

  '@turbo/darwin-64@2.10.6':
    optional: true

  '@turbo/darwin-arm64@2.10.6':
    optional: true

  '@turbo/linux-64@2.10.6':
    optional: true

  '@turbo/linux-arm64@2.10.6':
    optional: true

  '@turbo/windows-64@2.10.6':
    optional: true

  '@turbo/windows-arm64@2.10.6':
    optional: true

  '@types/node@24.13.3':
    dependencies:
      undici-types: 7.18.2

  prettier@3.9.6: {}

  turbo@2.10.6:
    optionalDependencies:
      '@turbo/darwin-64': 2.10.6
      '@turbo/darwin-arm64': 2.10.6
      '@turbo/linux-64': 2.10.6
      '@turbo/linux-arm64': 2.10.6
      '@turbo/windows-64': 2.10.6
      '@turbo/windows-arm64': 2.10.6

  typescript@5.9.3: {}

  undici-types@7.18.2: {}
